PODS:
  - Flutter (1.0.0)
  - TensorFlowLiteC (2.3.0):
    - TensorFlowLiteC/Core (= 2.3.0)
  - TensorFlowLiteC/Core (2.3.0)
  - TensorFlowLiteSwift (2.3.0):
    - TensorFlowLiteSwift/Core (= 2.3.0)
  - TensorFlowLiteSwift/Core (2.3.0):
    - TensorFlowLiteC (= 2.3.0)
  - "tflite_audio (0.1.3+1)":
    - Flutter
    - TensorFlowLiteSwift

DEPENDENCIES:
  - Flutter (from `Flutter`)
  - tflite_audio (from `.symlinks/plugins/tflite_audio/ios`)

SPEC REPOS:
  trunk:
    - TensorFlowLiteC
    - TensorFlowLiteSwift

EXTERNAL SOURCES:
  Flutter:
    :path: Flutter
  tflite_audio:
    :path: ".symlinks/plugins/tflite_audio/ios"

SPEC CHECKSUMS:
  Flutter: 0e3d915762c693b495b44d77113d4970485de6ec
  TensorFlowLiteC: 51f50caf5777f740a70e2c1a5dbdc149e7aeb50b
  TensorFlowLiteSwift: fb152cc1eec36b25b03a23c07f5d58113170af58
  tflite_audio: 8b9adca811773b6354bc821d55845922b41acd05

PODFILE CHECKSUM: 3b7814a4bcbb853beccc22e8f8033b8e1eb6604f

COCOAPODS: 1.9.3
